
Microsoft Visual Studio Solution File, Format Version 12.00
# Visual Studio Version 17
VisualStudioVersion = 17.8.34322.80
MinimumVisualStudioVersion = 10.0.40219.1
Project("{FAE04EC0-301F-11D3-BF4B-00C04F79EFBC}") = "project1", "project1\project1.csproj", "{D0CCA644-2FB8-48E1-8CFA-0F282D622E31}"
EndProject
Global
	GlobalSection(SolutionConfigurationPlatforms) = preSolution
		Debug|Any CPU = Debug|Any CPU
		Release|Any CPU = Release|Any CPU
	EndGlobalSection
	GlobalSection(ProjectConfigurationPlatforms) = postSolution
		{D0CCA644-2FB8-48E1-8CFA-0F282D622E31}.Debug|Any CPU.ActiveCfg = Debug|Any CPU
		{D0CCA644-2FB8-48E1-8CFA-0F282D622E31}.Debug|Any CPU.Build.0 = Debug|Any CPU
		{D0CCA644-2FB8-48E1-8CFA-0F282D622E31}.Release|Any CPU.ActiveCfg = Release|Any CPU
		{D0CCA644-2FB8-48E1-8CFA-0F282D622E31}.Release|Any CPU.Build.0 = Release|Any CPU
	EndGlobalSection
	GlobalSection(SolutionProperties) = preSolution
		HideSolutionNode = FALSE
	EndGlobalSection
	GlobalSection(ExtensibilityGlobals) = postSolution
		SolutionGuid = {18ACC9A0-303F-4C06-B470-75911B0EB225}
	EndGlobalSection
EndGlobal
