
Microsoft Visual Studio Solution File, Format Version 12.00
# Visual Studio Version 17
VisualStudioVersion = 17.7.34221.43
MinimumVisualStudioVersion = 10.0.40219.1
Project("{FAE04EC0-301F-11D3-BF4B-00C04F79EFBC}") = "bai13", "bai13\bai13.csproj", "{5BB08FCC-AC23-41E9-BD28-06F6AFF75FA8}"
EndProject
Project("{FAE04EC0-301F-11D3-BF4B-00C04F79EFBC}") = "bai13_2", "bai13_2\bai13_2.csproj", "{8BE86990-DA0A-476C-B867-BA7AD7ECCEBE}"
EndProject
Global
	GlobalSection(SolutionConfigurationPlatforms) = preSolution
		Debug|Any CPU = Debug|Any CPU
		Release|Any CPU = Release|Any CPU
	EndGlobalSection
	GlobalSection(ProjectConfigurationPlatforms) = postSolution
		{5BB08FCC-AC23-41E9-BD28-06F6AFF75FA8}.Debug|Any CPU.ActiveCfg = Debug|Any CPU
		{5BB08FCC-AC23-41E9-BD28-06F6AFF75FA8}.Debug|Any CPU.Build.0 = Debug|Any CPU
		{5BB08FCC-AC23-41E9-BD28-06F6AFF75FA8}.Release|Any CPU.ActiveCfg = Release|Any CPU
		{5BB08FCC-AC23-41E9-BD28-06F6AFF75FA8}.Release|Any CPU.Build.0 = Release|Any CPU
		{8BE86990-DA0A-476C-B867-BA7AD7ECCEBE}.Debug|Any CPU.ActiveCfg = Debug|Any CPU
		{8BE86990-DA0A-476C-B867-BA7AD7ECCEBE}.Debug|Any CPU.Build.0 = Debug|Any CPU
		{8BE86990-DA0A-476C-B867-BA7AD7ECCEBE}.Release|Any CPU.ActiveCfg = Release|Any CPU
		{8BE86990-DA0A-476C-B867-BA7AD7ECCEBE}.Release|Any CPU.Build.0 = Release|Any CPU
	EndGlobalSection
	GlobalSection(SolutionProperties) = preSolution
		HideSolutionNode = FALSE
	EndGlobalSection
	GlobalSection(ExtensibilityGlobals) = postSolution
		SolutionGuid = {218737E3-D601-4A22-99F2-E18EEE0A1039}
	EndGlobalSection
EndGlobal
