
Microsoft Visual Studio Solution File, Format Version 12.00
# Visual Studio Version 17
VisualStudioVersion = 17.9.34622.214
MinimumVisualStudioVersion = 10.0.40219.1
Project("{00D1A9C2-B5F0-4AF3-8072-F6C62B433612}") = "test", "test\test.sqlproj", "{00816934-0DE9-484D-95AE-A6724A4705E7}"
EndProject
Global
	GlobalSection(SolutionConfigurationPlatforms) = preSolution
		Debug|Any CPU = Debug|Any CPU
		Release|Any CPU = Release|Any CPU
	EndGlobalSection
	GlobalSection(ProjectConfigurationPlatforms) = postSolution
		{00816934-0DE9-484D-95AE-A6724A4705E7}.Debug|Any CPU.ActiveCfg = Debug|Any CPU
		{00816934-0DE9-484D-95AE-A6724A4705E7}.Debug|Any CPU.Build.0 = Debug|Any CPU
		{00816934-0DE9-484D-95AE-A6724A4705E7}.Debug|Any CPU.Deploy.0 = Debug|Any CPU
		{00816934-0DE9-484D-95AE-A6724A4705E7}.Release|Any CPU.ActiveCfg = Release|Any CPU
		{00816934-0DE9-484D-95AE-A6724A4705E7}.Release|Any CPU.Build.0 = Release|Any CPU
		{00816934-0DE9-484D-95AE-A6724A4705E7}.Release|Any CPU.Deploy.0 = Release|Any CPU
	EndGlobalSection
	GlobalSection(SolutionProperties) = preSolution
		HideSolutionNode = FALSE
	EndGlobalSection
	GlobalSection(ExtensibilityGlobals) = postSolution
		SolutionGuid = {20E0796C-160C-42E9-B7FD-AA530BF97C2C}
	EndGlobalSection
EndGlobal
