
Microsoft Visual Studio Solution File, Format Version 12.00
# Visual Studio Version 17
VisualStudioVersion = 17.7.34221.43
MinimumVisualStudioVersion = 10.0.40219.1
Project("{FAE04EC0-301F-11D3-BF4B-00C04F79EFBC}") = "bai14", "bai14\bai14.csproj", "{1D1E7CF9-8267-48A1-824D-E25A40249D98}"
EndProject
Global
	GlobalSection(SolutionConfigurationPlatforms) = preSolution
		Debug|Any CPU = Debug|Any CPU
		Release|Any CPU = Release|Any CPU
	EndGlobalSection
	GlobalSection(ProjectConfigurationPlatforms) = postSolution
		{1D1E7CF9-8267-48A1-824D-E25A40249D98}.Debug|Any CPU.ActiveCfg = Debug|Any CPU
		{1D1E7CF9-8267-48A1-824D-E25A40249D98}.Debug|Any CPU.Build.0 = Debug|Any CPU
		{1D1E7CF9-8267-48A1-824D-E25A40249D98}.Release|Any CPU.ActiveCfg = Release|Any CPU
		{1D1E7CF9-8267-48A1-824D-E25A40249D98}.Release|Any CPU.Build.0 = Release|Any CPU
	EndGlobalSection
	GlobalSection(SolutionProperties) = preSolution
		HideSolutionNode = FALSE
	EndGlobalSection
	GlobalSection(ExtensibilityGlobals) = postSolution
		SolutionGuid = {D54F153C-710A-4A5F-B18D-9BBB578F1DE1}
	EndGlobalSection
EndGlobal
