
Microsoft Visual Studio Solution File, Format Version 12.00
# Visual Studio Version 17
VisualStudioVersion = 17.8.34330.188
MinimumVisualStudioVersion = 10.0.40219.1
Project("{FAE04EC0-301F-11D3-BF4B-00C04F79EFBC}") = "bai1", "bai1\bai1.csproj", "{96083557-6721-4A41-9011-471059526F71}"
EndProject
Global
	GlobalSection(SolutionConfigurationPlatforms) = preSolution
		Debug|Any CPU = Debug|Any CPU
		Release|Any CPU = Release|Any CPU
	EndGlobalSection
	GlobalSection(ProjectConfigurationPlatforms) = postSolution
		{96083557-6721-4A41-9011-471059526F71}.Debug|Any CPU.ActiveCfg = Debug|Any CPU
		{96083557-6721-4A41-9011-471059526F71}.Debug|Any CPU.Build.0 = Debug|Any CPU
		{96083557-6721-4A41-9011-471059526F71}.Release|Any CPU.ActiveCfg = Release|Any CPU
		{96083557-6721-4A41-9011-471059526F71}.Release|Any CPU.Build.0 = Release|Any CPU
	EndGlobalSection
	GlobalSection(SolutionProperties) = preSolution
		HideSolutionNode = FALSE
	EndGlobalSection
	GlobalSection(ExtensibilityGlobals) = postSolution
		SolutionGuid = {0DDC311F-61DC-4164-824B-5B814DC12E35}
	EndGlobalSection
EndGlobal
