
Microsoft Visual Studio Solution File, Format Version 12.00
# Visual Studio Version 17
VisualStudioVersion = 17.7.34221.43
MinimumVisualStudioVersion = 10.0.40219.1
Project("{FAE04EC0-301F-11D3-BF4B-00C04F79EFBC}") = "bai11", "bai11\bai11.csproj", "{BBC80688-E3A9-43F3-8458-AC403DC4789C}"
EndProject
Project("{FAE04EC0-301F-11D3-BF4B-00C04F79EFBC}") = "bai11_foreach", "bai11_foreach\bai11_foreach.csproj", "{64A4BF1C-C22F-4FDE-97D3-30F3E368547F}"
EndProject
Project("{FAE04EC0-301F-11D3-BF4B-00C04F79EFBC}") = "baitapb11", "baitapb11\baitapb11.csproj", "{029A80D4-4DAD-421F-8CA4-172BFD2C727A}"
EndProject
Project("{FAE04EC0-301F-11D3-BF4B-00C04F79EFBC}") = "baitapb11_2", "baitapb11_2\baitapb11_2.csproj", "{3F13C2DB-227A-4715-9708-A48C688AD5A6}"
EndProject
Project("{FAE04EC0-301F-11D3-BF4B-00C04F79EFBC}") = "baitapb11_3", "baitapb11_3\baitapb11_3.csproj", "{8BA67BCA-F3B3-45E1-9CCE-38F3788E5B41}"
EndProject
Project("{FAE04EC0-301F-11D3-BF4B-00C04F79EFBC}") = "baitapb11_4", "baitapb11_4\baitapb11_4.csproj", "{21809BC0-4C70-42EE-9AC0-8B4EAD0AFD94}"
EndProject
Project("{FAE04EC0-301F-11D3-BF4B-00C04F79EFBC}") = "baitapb11_5", "baitapb11_5\baitapb11_5.csproj", "{A1B48676-8321-487A-B3DD-C57BA501A1A4}"
EndProject
Project("{FAE04EC0-301F-11D3-BF4B-00C04F79EFBC}") = "baitapb11_6", "baitapb11_6\baitapb11_6.csproj", "{467F2C2E-E9F9-4B95-83A7-8D348CAAE6F4}"
EndProject
Project("{FAE04EC0-301F-11D3-BF4B-00C04F79EFBC}") = "baitapb11_7", "baitapb11_7\baitapb11_7.csproj", "{DC5A41A0-5787-4CC5-B039-BF9DD5F74A30}"
EndProject
Global
	GlobalSection(SolutionConfigurationPlatforms) = preSolution
		Debug|Any CPU = Debug|Any CPU
		Release|Any CPU = Release|Any CPU
	EndGlobalSection
	GlobalSection(ProjectConfigurationPlatforms) = postSolution
		{BBC80688-E3A9-43F3-8458-AC403DC4789C}.Debug|Any CPU.ActiveCfg = Debug|Any CPU
		{BBC80688-E3A9-43F3-8458-AC403DC4789C}.Debug|Any CPU.Build.0 = Debug|Any CPU
		{BBC80688-E3A9-43F3-8458-AC403DC4789C}.Release|Any CPU.ActiveCfg = Release|Any CPU
		{BBC80688-E3A9-43F3-8458-AC403DC4789C}.Release|Any CPU.Build.0 = Release|Any CPU
		{64A4BF1C-C22F-4FDE-97D3-30F3E368547F}.Debug|Any CPU.ActiveCfg = Debug|Any CPU
		{64A4BF1C-C22F-4FDE-97D3-30F3E368547F}.Debug|Any CPU.Build.0 = Debug|Any CPU
		{64A4BF1C-C22F-4FDE-97D3-30F3E368547F}.Release|Any CPU.ActiveCfg = Release|Any CPU
		{64A4BF1C-C22F-4FDE-97D3-30F3E368547F}.Release|Any CPU.Build.0 = Release|Any CPU
		{029A80D4-4DAD-421F-8CA4-172BFD2C727A}.Debug|Any CPU.ActiveCfg = Debug|Any CPU
		{029A80D4-4DAD-421F-8CA4-172BFD2C727A}.Debug|Any CPU.Build.0 = Debug|Any CPU
		{029A80D4-4DAD-421F-8CA4-172BFD2C727A}.Release|Any CPU.ActiveCfg = Release|Any CPU
		{029A80D4-4DAD-421F-8CA4-172BFD2C727A}.Release|Any CPU.Build.0 = Release|Any CPU
		{3F13C2DB-227A-4715-9708-A48C688AD5A6}.Debug|Any CPU.ActiveCfg = Debug|Any CPU
		{3F13C2DB-227A-4715-9708-A48C688AD5A6}.Debug|Any CPU.Build.0 = Debug|Any CPU
		{3F13C2DB-227A-4715-9708-A48C688AD5A6}.Release|Any CPU.ActiveCfg = Release|Any CPU
		{3F13C2DB-227A-4715-9708-A48C688AD5A6}.Release|Any CPU.Build.0 = Release|Any CPU
		{8BA67BCA-F3B3-45E1-9CCE-38F3788E5B41}.Debug|Any CPU.ActiveCfg = Debug|Any CPU
		{8BA67BCA-F3B3-45E1-9CCE-38F3788E5B41}.Debug|Any CPU.Build.0 = Debug|Any CPU
		{8BA67BCA-F3B3-45E1-9CCE-38F3788E5B41}.Release|Any CPU.ActiveCfg = Release|Any CPU
		{8BA67BCA-F3B3-45E1-9CCE-38F3788E5B41}.Release|Any CPU.Build.0 = Release|Any CPU
		{21809BC0-4C70-42EE-9AC0-8B4EAD0AFD94}.Debug|Any CPU.ActiveCfg = Debug|Any CPU
		{21809BC0-4C70-42EE-9AC0-8B4EAD0AFD94}.Debug|Any CPU.Build.0 = Debug|Any CPU
		{21809BC0-4C70-42EE-9AC0-8B4EAD0AFD94}.Release|Any CPU.ActiveCfg = Release|Any CPU
		{21809BC0-4C70-42EE-9AC0-8B4EAD0AFD94}.Release|Any CPU.Build.0 = Release|Any CPU
		{A1B48676-8321-487A-B3DD-C57BA501A1A4}.Debug|Any CPU.ActiveCfg = Debug|Any CPU
		{A1B48676-8321-487A-B3DD-C57BA501A1A4}.Debug|Any CPU.Build.0 = Debug|Any CPU
		{A1B48676-8321-487A-B3DD-C57BA501A1A4}.Release|Any CPU.ActiveCfg = Release|Any CPU
		{A1B48676-8321-487A-B3DD-C57BA501A1A4}.Release|Any CPU.Build.0 = Release|Any CPU
		{467F2C2E-E9F9-4B95-83A7-8D348CAAE6F4}.Debug|Any CPU.ActiveCfg = Debug|Any CPU
		{467F2C2E-E9F9-4B95-83A7-8D348CAAE6F4}.Debug|Any CPU.Build.0 = Debug|Any CPU
		{467F2C2E-E9F9-4B95-83A7-8D348CAAE6F4}.Release|Any CPU.ActiveCfg = Release|Any CPU
		{467F2C2E-E9F9-4B95-83A7-8D348CAAE6F4}.Release|Any CPU.Build.0 = Release|Any CPU
		{DC5A41A0-5787-4CC5-B039-BF9DD5F74A30}.Debug|Any CPU.ActiveCfg = Debug|Any CPU
		{DC5A41A0-5787-4CC5-B039-BF9DD5F74A30}.Debug|Any CPU.Build.0 = Debug|Any CPU
		{DC5A41A0-5787-4CC5-B039-BF9DD5F74A30}.Release|Any CPU.ActiveCfg = Release|Any CPU
		{DC5A41A0-5787-4CC5-B039-BF9DD5F74A30}.Release|Any CPU.Build.0 = Release|Any CPU
	EndGlobalSection
	GlobalSection(SolutionProperties) = preSolution
		HideSolutionNode = FALSE
	EndGlobalSection
	GlobalSection(ExtensibilityGlobals) = postSolution
		SolutionGuid = {72146859-75E5-4A3B-955F-A9E092738B23}
	EndGlobalSection
EndGlobal
