
Microsoft Visual Studio Solution File, Format Version 12.00
# Visual Studio Version 17
VisualStudioVersion = 17.8.34316.72
MinimumVisualStudioVersion = 10.0.40219.1
Project("{FAE04EC0-301F-11D3-BF4B-00C04F79EFBC}") = "bai18.3_lamFile", "bai18.3_lamFile\bai18.3_lamFile.csproj", "{05EC0927-893A-4DA8-9BA9-9354D4801FBB}"
EndProject
Global
	GlobalSection(SolutionConfigurationPlatforms) = preSolution
		Debug|Any CPU = Debug|Any CPU
		Release|Any CPU = Release|Any CPU
	EndGlobalSection
	GlobalSection(ProjectConfigurationPlatforms) = postSolution
		{05EC0927-893A-4DA8-9BA9-9354D4801FBB}.Debug|Any CPU.ActiveCfg = Debug|Any CPU
		{05EC0927-893A-4DA8-9BA9-9354D4801FBB}.Debug|Any CPU.Build.0 = Debug|Any CPU
		{05EC0927-893A-4DA8-9BA9-9354D4801FBB}.Release|Any CPU.ActiveCfg = Release|Any CPU
		{05EC0927-893A-4DA8-9BA9-9354D4801FBB}.Release|Any CPU.Build.0 = Release|Any CPU
	EndGlobalSection
	GlobalSection(SolutionProperties) = preSolution
		HideSolutionNode = FALSE
	EndGlobalSection
	GlobalSection(ExtensibilityGlobals) = postSolution
		SolutionGuid = {B8F18C54-48E7-46E6-B528-7D5D6944C0A4}
	EndGlobalSection
EndGlobal
