
Microsoft Visual Studio Solution File, Format Version 12.00
# Visual Studio Version 17
VisualStudioVersion = 17.8.34316.72
MinimumVisualStudioVersion = 10.0.40219.1
Project("{FAE04EC0-301F-11D3-BF4B-00C04F79EFBC}") = "winformbai12", "winformbai12\winformbai12.csproj", "{DA8987B0-F5E5-40C0-B415-8777299801F0}"
EndProject
Global
	GlobalSection(SolutionConfigurationPlatforms) = preSolution
		Debug|Any CPU = Debug|Any CPU
		Release|Any CPU = Release|Any CPU
	EndGlobalSection
	GlobalSection(ProjectConfigurationPlatforms) = postSolution
		{DA8987B0-F5E5-40C0-B415-8777299801F0}.Debug|Any CPU.ActiveCfg = Debug|Any CPU
		{DA8987B0-F5E5-40C0-B415-8777299801F0}.Debug|Any CPU.Build.0 = Debug|Any CPU
		{DA8987B0-F5E5-40C0-B415-8777299801F0}.Release|Any CPU.ActiveCfg = Release|Any CPU
		{DA8987B0-F5E5-40C0-B415-8777299801F0}.Release|Any CPU.Build.0 = Release|Any CPU
	EndGlobalSection
	GlobalSection(SolutionProperties) = preSolution
		HideSolutionNode = FALSE
	EndGlobalSection
	GlobalSection(ExtensibilityGlobals) = postSolution
		SolutionGuid = {C9F63014-B8AC-4C8D-9779-B033B6698558}
	EndGlobalSection
EndGlobal
