
Microsoft Visual Studio Solution File, Format Version 12.00
# Visual Studio Version 17
VisualStudioVersion = 17.7.34221.43
MinimumVisualStudioVersion = 10.0.40219.1
Project("{FAE04EC0-301F-11D3-BF4B-00C04F79EFBC}") = "winformbai8", "winformbai8\winformbai8.csproj", "{7DFEEFE8-4B13-4665-9B3F-AD7D9DCCC078}"
EndProject
Project("{FAE04EC0-301F-11D3-BF4B-00C04F79EFBC}") = "baitapwinform8", "baitapwinform8\baitapwinform8.csproj", "{2CC28A17-94A7-4E22-A592-39B362C16442}"
EndProject
Project("{FAE04EC0-301F-11D3-BF4B-00C04F79EFBC}") = "bai2", "bai2\bai2.csproj", "{5C0F6BBA-BD4F-45E6-B2C6-7BCE71BF282C}"
EndProject
Global
	GlobalSection(SolutionConfigurationPlatforms) = preSolution
		Debug|Any CPU = Debug|Any CPU
		Release|Any CPU = Release|Any CPU
	EndGlobalSection
	GlobalSection(ProjectConfigurationPlatforms) = postSolution
		{7DFEEFE8-4B13-4665-9B3F-AD7D9DCCC078}.Debug|Any CPU.ActiveCfg = Debug|Any CPU
		{7DFEEFE8-4B13-4665-9B3F-AD7D9DCCC078}.Debug|Any CPU.Build.0 = Debug|Any CPU
		{7DFEEFE8-4B13-4665-9B3F-AD7D9DCCC078}.Release|Any CPU.ActiveCfg = Release|Any CPU
		{7DFEEFE8-4B13-4665-9B3F-AD7D9DCCC078}.Release|Any CPU.Build.0 = Release|Any CPU
		{2CC28A17-94A7-4E22-A592-39B362C16442}.Debug|Any CPU.ActiveCfg = Debug|Any CPU
		{2CC28A17-94A7-4E22-A592-39B362C16442}.Debug|Any CPU.Build.0 = Debug|Any CPU
		{2CC28A17-94A7-4E22-A592-39B362C16442}.Release|Any CPU.ActiveCfg = Release|Any CPU
		{2CC28A17-94A7-4E22-A592-39B362C16442}.Release|Any CPU.Build.0 = Release|Any CPU
		{5C0F6BBA-BD4F-45E6-B2C6-7BCE71BF282C}.Debug|Any CPU.ActiveCfg = Debug|Any CPU
		{5C0F6BBA-BD4F-45E6-B2C6-7BCE71BF282C}.Debug|Any CPU.Build.0 = Debug|Any CPU
		{5C0F6BBA-BD4F-45E6-B2C6-7BCE71BF282C}.Release|Any CPU.ActiveCfg = Release|Any CPU
		{5C0F6BBA-BD4F-45E6-B2C6-7BCE71BF282C}.Release|Any CPU.Build.0 = Release|Any CPU
	EndGlobalSection
	GlobalSection(SolutionProperties) = preSolution
		HideSolutionNode = FALSE
	EndGlobalSection
	GlobalSection(ExtensibilityGlobals) = postSolution
		SolutionGuid = {1A7B7F1F-811B-4CE8-AF81-46D538DD39CA}
	EndGlobalSection
EndGlobal
