
Microsoft Visual Studio Solution File, Format Version 12.00
# Visual Studio Version 17
VisualStudioVersion = 17.7.34221.43
MinimumVisualStudioVersion = 10.0.40219.1
Project("{FAE04EC0-301F-11D3-BF4B-00C04F79EFBC}") = "bai6Winform", "bai6Winform\bai6Winform.csproj", "{DB35CF06-D72A-4696-8FF9-21DEB33C0751}"
EndProject
Global
	GlobalSection(SolutionConfigurationPlatforms) = preSolution
		Debug|Any CPU = Debug|Any CPU
		Release|Any CPU = Release|Any CPU
	EndGlobalSection
	GlobalSection(ProjectConfigurationPlatforms) = postSolution
		{DB35CF06-D72A-4696-8FF9-21DEB33C0751}.Debug|Any CPU.ActiveCfg = Debug|Any CPU
		{DB35CF06-D72A-4696-8FF9-21DEB33C0751}.Debug|Any CPU.Build.0 = Debug|Any CPU
		{DB35CF06-D72A-4696-8FF9-21DEB33C0751}.Release|Any CPU.ActiveCfg = Release|Any CPU
		{DB35CF06-D72A-4696-8FF9-21DEB33C0751}.Release|Any CPU.Build.0 = Release|Any CPU
	EndGlobalSection
	GlobalSection(SolutionProperties) = preSolution
		HideSolutionNode = FALSE
	EndGlobalSection
	GlobalSection(ExtensibilityGlobals) = postSolution
		SolutionGuid = {0D751FD8-6B69-4343-BCE2-6A959A1BD5D7}
	EndGlobalSection
EndGlobal
