
Microsoft Visual Studio Solution File, Format Version 12.00
# Visual Studio Version 17
VisualStudioVersion = 17.8.34316.72
MinimumVisualStudioVersion = 10.0.40219.1
Project("{FAE04EC0-301F-11D3-BF4B-00C04F79EFBC}") = "oop2", "oop2\oop2.csproj", "{18DC4B20-1D7B-4529-AC1C-D7F52B0B04F4}"
EndProject
Global
	GlobalSection(SolutionConfigurationPlatforms) = preSolution
		Debug|Any CPU = Debug|Any CPU
		Release|Any CPU = Release|Any CPU
	EndGlobalSection
	GlobalSection(ProjectConfigurationPlatforms) = postSolution
		{18DC4B20-1D7B-4529-AC1C-D7F52B0B04F4}.Debug|Any CPU.ActiveCfg = Debug|Any CPU
		{18DC4B20-1D7B-4529-AC1C-D7F52B0B04F4}.Debug|Any CPU.Build.0 = Debug|Any CPU
		{18DC4B20-1D7B-4529-AC1C-D7F52B0B04F4}.Release|Any CPU.ActiveCfg = Release|Any CPU
		{18DC4B20-1D7B-4529-AC1C-D7F52B0B04F4}.Release|Any CPU.Build.0 = Release|Any CPU
	EndGlobalSection
	GlobalSection(SolutionProperties) = preSolution
		HideSolutionNode = FALSE
	EndGlobalSection
	GlobalSection(ExtensibilityGlobals) = postSolution
		SolutionGuid = {F7F56D25-F302-4C34-8EEB-8C4CD8E4BD29}
	EndGlobalSection
EndGlobal
