
Microsoft Visual Studio Solution File, Format Version 12.00
# Visual Studio Version 17
VisualStudioVersion = 17.7.34221.43
MinimumVisualStudioVersion = 10.0.40219.1
Project("{FAE04EC0-301F-11D3-BF4B-00C04F79EFBC}") = "bai4winform", "bai4winform\bai4winform.csproj", "{341C0DA8-6C4A-42FB-A27D-3390FC2BF34E}"
EndProject
Project("{FAE04EC0-301F-11D3-BF4B-00C04F79EFBC}") = "winformbai5", "winformbai5\winformbai5.csproj", "{22DDF9F0-6D1B-497E-932D-379EB75A119E}"
EndProject
Global
	GlobalSection(SolutionConfigurationPlatforms) = preSolution
		Debug|Any CPU = Debug|Any CPU
		Release|Any CPU = Release|Any CPU
	EndGlobalSection
	GlobalSection(ProjectConfigurationPlatforms) = postSolution
		{341C0DA8-6C4A-42FB-A27D-3390FC2BF34E}.Debug|Any CPU.ActiveCfg = Debug|Any CPU
		{341C0DA8-6C4A-42FB-A27D-3390FC2BF34E}.Debug|Any CPU.Build.0 = Debug|Any CPU
		{341C0DA8-6C4A-42FB-A27D-3390FC2BF34E}.Release|Any CPU.ActiveCfg = Release|Any CPU
		{341C0DA8-6C4A-42FB-A27D-3390FC2BF34E}.Release|Any CPU.Build.0 = Release|Any CPU
		{22DDF9F0-6D1B-497E-932D-379EB75A119E}.Debug|Any CPU.ActiveCfg = Debug|Any CPU
		{22DDF9F0-6D1B-497E-932D-379EB75A119E}.Debug|Any CPU.Build.0 = Debug|Any CPU
		{22DDF9F0-6D1B-497E-932D-379EB75A119E}.Release|Any CPU.ActiveCfg = Release|Any CPU
		{22DDF9F0-6D1B-497E-932D-379EB75A119E}.Release|Any CPU.Build.0 = Release|Any CPU
	EndGlobalSection
	GlobalSection(SolutionProperties) = preSolution
		HideSolutionNode = FALSE
	EndGlobalSection
	GlobalSection(ExtensibilityGlobals) = postSolution
		SolutionGuid = {F73AFCCC-C126-4C99-971C-A9B08E75423B}
	EndGlobalSection
EndGlobal
