
Microsoft Visual Studio Solution File, Format Version 12.00
# Visual Studio Version 17
VisualStudioVersion = 17.8.34316.72
MinimumVisualStudioVersion = 10.0.40219.1
Project("{FAE04EC0-301F-11D3-BF4B-00C04F79EFBC}") = "winformbai13", "winformbai13\winformbai13.csproj", "{043111CC-1107-4FD0-9A4A-0E192DB98C48}"
EndProject
Global
	GlobalSection(SolutionConfigurationPlatforms) = preSolution
		Debug|Any CPU = Debug|Any CPU
		Release|Any CPU = Release|Any CPU
	EndGlobalSection
	GlobalSection(ProjectConfigurationPlatforms) = postSolution
		{043111CC-1107-4FD0-9A4A-0E192DB98C48}.Debug|Any CPU.ActiveCfg = Debug|Any CPU
		{043111CC-1107-4FD0-9A4A-0E192DB98C48}.Debug|Any CPU.Build.0 = Debug|Any CPU
		{043111CC-1107-4FD0-9A4A-0E192DB98C48}.Release|Any CPU.ActiveCfg = Release|Any CPU
		{043111CC-1107-4FD0-9A4A-0E192DB98C48}.Release|Any CPU.Build.0 = Release|Any CPU
	EndGlobalSection
	GlobalSection(SolutionProperties) = preSolution
		HideSolutionNode = FALSE
	EndGlobalSection
	GlobalSection(ExtensibilityGlobals) = postSolution
		SolutionGuid = {006B2477-831B-4913-9AA7-1C3F40628B9F}
	EndGlobalSection
EndGlobal
