
Microsoft Visual Studio Solution File, Format Version 12.00
# Visual Studio Version 17
VisualStudioVersion = 17.7.34221.43
MinimumVisualStudioVersion = 10.0.40219.1
Project("{FAE04EC0-301F-11D3-BF4B-00C04F79EFBC}") = "bai8", "bai8\bai8.csproj", "{74DB16BB-1B73-467B-9047-88421C4C98B3}"
EndProject
Project("{FAE04EC0-301F-11D3-BF4B-00C04F79EFBC}") = "bai8baitap", "bai8baitap\bai8baitap.csproj", "{33BCDF6F-78E0-49F6-91BB-08006BD0A37A}"
EndProject
Global
	GlobalSection(SolutionConfigurationPlatforms) = preSolution
		Debug|Any CPU = Debug|Any CPU
		Release|Any CPU = Release|Any CPU
	EndGlobalSection
	GlobalSection(ProjectConfigurationPlatforms) = postSolution
		{74DB16BB-1B73-467B-9047-88421C4C98B3}.Debug|Any CPU.ActiveCfg = Debug|Any CPU
		{74DB16BB-1B73-467B-9047-88421C4C98B3}.Debug|Any CPU.Build.0 = Debug|Any CPU
		{74DB16BB-1B73-467B-9047-88421C4C98B3}.Release|Any CPU.ActiveCfg = Release|Any CPU
		{74DB16BB-1B73-467B-9047-88421C4C98B3}.Release|Any CPU.Build.0 = Release|Any CPU
		{33BCDF6F-78E0-49F6-91BB-08006BD0A37A}.Debug|Any CPU.ActiveCfg = Debug|Any CPU
		{33BCDF6F-78E0-49F6-91BB-08006BD0A37A}.Debug|Any CPU.Build.0 = Debug|Any CPU
		{33BCDF6F-78E0-49F6-91BB-08006BD0A37A}.Release|Any CPU.ActiveCfg = Release|Any CPU
		{33BCDF6F-78E0-49F6-91BB-08006BD0A37A}.Release|Any CPU.Build.0 = Release|Any CPU
	EndGlobalSection
	GlobalSection(SolutionProperties) = preSolution
		HideSolutionNode = FALSE
	EndGlobalSection
	GlobalSection(ExtensibilityGlobals) = postSolution
		SolutionGuid = {7FF73093-BDA8-4478-8EC7-A77E2B71DEEA}
	EndGlobalSection
EndGlobal
