
Microsoft Visual Studio Solution File, Format Version 12.00
# Visual Studio Version 17
VisualStudioVersion = 17.7.34221.43
MinimumVisualStudioVersion = 10.0.40219.1
Project("{FAE04EC0-301F-11D3-BF4B-00C04F79EFBC}") = "winformbai7", "winformbai7\winformbai7.csproj", "{8471D530-C756-46B6-9653-937D1CC0C565}"
EndProject
Global
	GlobalSection(SolutionConfigurationPlatforms) = preSolution
		Debug|Any CPU = Debug|Any CPU
		Release|Any CPU = Release|Any CPU
	EndGlobalSection
	GlobalSection(ProjectConfigurationPlatforms) = postSolution
		{8471D530-C756-46B6-9653-937D1CC0C565}.Debug|Any CPU.ActiveCfg = Debug|Any CPU
		{8471D530-C756-46B6-9653-937D1CC0C565}.Debug|Any CPU.Build.0 = Debug|Any CPU
		{8471D530-C756-46B6-9653-937D1CC0C565}.Release|Any CPU.ActiveCfg = Release|Any CPU
		{8471D530-C756-46B6-9653-937D1CC0C565}.Release|Any CPU.Build.0 = Release|Any CPU
	EndGlobalSection
	GlobalSection(SolutionProperties) = preSolution
		HideSolutionNode = FALSE
	EndGlobalSection
	GlobalSection(ExtensibilityGlobals) = postSolution
		SolutionGuid = {EC222B7F-63C6-4FA7-9777-5E12C9F9DE3D}
	EndGlobalSection
EndGlobal
